// !$*UTF8*$!
{
	archiveVersion = 1;
	classes = {
	};
	objectVersion = 50;
	objects = {

/* Begin PBXBuildFile section */
		6371651E21F8D52B00BA51EE /* AppDelegate.swift in Sources */ = {isa = PBXBuildFile; fileRef = 6371651D21F8D52B00BA51EE /* AppDelegate.swift */; };
		6371652021F8D52B00BA51EE /* ViewController.swift in Sources */ = {isa = PBXBuildFile; fileRef = 6371651F21F8D52B00BA51EE /* ViewController.swift */; };
		6371652321F8D52B00BA51EE /* Main.storyboard in Resources */ = {isa = PBXBuildFile; fileRef = 6371652121F8D52B00BA51EE /* Main.storyboard */; };
		6371652521F8D52C00BA51EE /* Assets.xcassets in Resources */ = {isa = PBXBuildFile; fileRef = 6371652421F8D52C00BA51EE /* Assets.xcassets */; };
		6371652821F8D52C00BA51EE /* LaunchScreen.storyboard in Resources */ = {isa = PBXBuildFile; fileRef = 6371652621F8D52C00BA51EE /* LaunchScreen.storyboard */; };
		6371653321F8D52C00BA51EE /* MessageManagerTests.swift in Sources */ = {isa = PBXBuildFile; fileRef = 6371653221F8D52C00BA51EE /* MessageManagerTests.swift */; };
		6371653E21F8D52C00BA51EE /* MessageManagerUITests.swift in Sources */ = {isa = PBXBuildFile; fileRef = 6371653D21F8D52C00BA51EE /* MessageManagerUITests.swift */; };
/* End PBXBuildFile section */

/* Begin PBXContainerItemProxy section */
		6371652F21F8D52C00BA51EE /* PBXContainerItemProxy */ = {
			isa = PBXContainerItemProxy;
			containerPortal = 6371651221F8D52B00BA51EE /* Project object */;
			proxyType = 1;
			remoteGlobalIDString = 6371651921F8D52B00BA51EE;
			remoteInfo = MessageManager;
		};
		6371653A21F8D52C00BA51EE /* PBXContainerItemProxy */ = {
			isa = PBXContainerItemProxy;
			containerPortal = 6371651221F8D52B00BA51EE /* Project object */;
			proxyType = 1;
			remoteGlobalIDString = 6371651921F8D52B00BA51EE;
			remoteInfo = MessageManager;
		};
/* End PBXContainerItemProxy section */

/* Begin PBXFileReference section */
		6371651A21F8D52B00BA51EE /* MessageManager.app */ = {isa = PBXFileReference; explicitFileType = wrapper.application; includeInIndex = 0; path = MessageManager.app; sourceTree = BUILT_PRODUCTS_DIR; };
		6371651D21F8D52B00BA51EE /* AppDelegate.swift */ = {isa = PBXFileReference; lastKnownFileType = sourcecode.swift; path = AppDelegate.swift; sourceTree = "<group>"; };
		6371651F21F8D52B00BA51EE /* ViewController.swift */ = {isa = PBXFileReference; lastKnownFileType = sourcecode.swift; path = ViewController.swift; sourceTree = "<group>"; };
		6371652221F8D52B00BA51EE /* Base */ = {isa = PBXFileReference; lastKnownFileType = file.storyboard; name = Base; path = Base.lproj/Main.storyboard; sourceTree = "<group>"; };
		6371652421F8D52C00BA51EE /* Assets.xcassets */ = {isa = PBXFileReference; lastKnownFileType = folder.assetcatalog; path = Assets.xcassets; sourceTree = "<group>"; };
		6371652721F8D52C00BA51EE /* Base */ = {isa = PBXFileReference; lastKnownFileType = file.storyboard; name = Base; path = Base.lproj/LaunchScreen.storyboard; sourceTree = "<group>"; };
		6371652921F8D52C00BA51EE /* Info.plist */ = {isa = PBXFileReference; lastKnownFileType = text.plist.xml; path = Info.plist; sourceTree = "<group>"; };
		6371652E21F8D52C00BA51EE /* MessageManagerTests.xctest */ = {isa = PBXFileReference; explicitFileType = wrapper.cfbundle; includeInIndex = 0; path = MessageManagerTests.xctest; sourceTree = BUILT_PRODUCTS_DIR; };
		6371653221F8D52C00BA51EE /* MessageManagerTests.swift */ = {isa = PBXFileReference; lastKnownFileType = sourcecode.swift; path = MessageManagerTests.swift; sourceTree = "<group>"; };
		6371653421F8D52C00BA51EE /* Info.plist */ = {isa = PBXFileReference; lastKnownFileType = text.plist.xml; path = Info.plist; sourceTree = "<group>"; };
		6371653921F8D52C00BA51EE /* MessageManagerUITests.xctest */ = {isa = PBXFileReference; explicitFileType = wrapper.cfbundle; includeInIndex = 0; path = MessageManagerUITests.xctest; sourceTree = BUILT_PRODUCTS_DIR; };
		6371653D21F8D52C00BA51EE /* MessageManagerUITests.swift */ = {isa = PBXFileReference; lastKnownFileType = sourcecode.swift; path = MessageManagerUITests.swift; sourceTree = "<group>"; };
		6371653F21F8D52C00BA51EE /* Info.plist */ = {isa = PBXFileReference; lastKnownFileType = text.plist.xml; path = Info.plist; sourceTree = "<group>"; };
/* End PBXFileReference section */

/* Begin PBXFrameworksBuildPhase section */
		6371651721F8D52B00BA51EE /* Frameworks */ = {
			isa = PBXFrameworksBuildPhase;
			buildActionMask = 2147483647;
			files = (
			);
			runOnlyForDeploymentPostprocessing = 0;
		};
		6371652B21F8D52C00BA51EE /* Frameworks */ = {
			isa = PBXFrameworksBuildPhase;
			buildActionMask = 2147483647;
			files = (
			);
			runOnlyForDeploymentPostprocessing = 0;
		};
		6371653621F8D52C00BA51EE /* Frameworks */ = {
			isa = PBXFrameworksBuildPhase;
			buildActionMask = 2147483647;
			files = (
			);
			runOnlyForDeploymentPostprocessing = 0;
		};
/* End PBXFrameworksBuildPhase section */

/* Begin PBXGroup section */
		6371651121F8D52B00BA51EE = {
			isa = PBXGroup;
			children = (
				6371651C21F8D52B00BA51EE /* MessageManager */,
				6371653121F8D52C00BA51EE /* MessageManagerTests */,
				6371653C21F8D52C00BA51EE /* MessageManagerUITests */,
				6371651B21F8D52B00BA51EE /* Products */,
			);
			sourceTree = "<group>";
		};
		6371651B21F8D52B00BA51EE /* Products */ = {
			isa = PBXGroup;
			children = (
				6371651A21F8D52B00BA51EE /* MessageManager.app */,
				6371652E21F8D52C00BA51EE /* MessageManagerTests.xctest */,
				6371653921F8D52C00BA51EE /* MessageManagerUITests.xctest */,
			);
			name = Products;
			sourceTree = "<group>";
		};
		6371651C21F8D52B00BA51EE /* MessageManager */ = {
			isa = PBXGroup;
			children = (
				6371651D21F8D52B00BA51EE /* AppDelegate.swift */,
				6371651F21F8D52B00BA51EE /* ViewController.swift */,
				6371652121F8D52B00BA51EE /* Main.storyboard */,
				6371652421F8D52C00BA51EE /* Assets.xcassets */,
				6371652621F8D52C00BA51EE /* LaunchScreen.storyboard */,
				6371652921F8D52C00BA51EE /* Info.plist */,
			);
			path = MessageManager;
			sourceTree = "<group>";
		};
		6371653121F8D52C00BA51EE /* MessageManagerTests */ = {
			isa = PBXGroup;
			children = (
				6371653221F8D52C00BA51EE /* MessageManagerTests.swift */,
				6371653421F8D52C00BA51EE /* Info.plist */,
			);
			path = MessageManagerTests;
			sourceTree = "<group>";
		};
		6371653C21F8D52C00BA51EE /* MessageManagerUITests */ = {
			isa = PBXGroup;
			children = (
				6371653D21F8D52C00BA51EE /* MessageManagerUITests.swift */,
				6371653F21F8D52C00BA51EE /* Info.plist */,
			);
			path = MessageManagerUITests;
			sourceTree = "<group>";
		};
/* End PBXGroup section */

/* Begin PBXNativeTarget section */
		6371651921F8D52B00BA51EE /* MessageManager */ = {
			isa = PBXNativeTarget;
			buildConfigurationList = 6371654221F8D52C00BA51EE /* Build configuration list for PBXNativeTarget "MessageManager" */;
			buildPhases = (
				6371651621F8D52B00BA51EE /* Sources */,
				6371651721F8D52B00BA51EE /* Frameworks */,
				6371651821F8D52B00BA51EE /* Resources */,
			);
			buildRules = (
			);
			dependencies = (
			);
			name = MessageManager;
			productName = MessageManager;
			productReference = 6371651A21F8D52B00BA51EE /* MessageManager.app */;
			productType = "com.apple.product-type.application";
		};
		6371652D21F8D52C00BA51EE /* MessageManagerTests */ = {
			isa = PBXNativeTarget;
			buildConfigurationList = 6371654521F8D52C00BA51EE /* Build configuration list for PBXNativeTarget "MessageManagerTests" */;
			buildPhases = (
				6371652A21F8D52C00BA51EE /* Sources */,
				6371652B21F8D52C00BA51EE /* Frameworks */,
				6371652C21F8D52C00BA51EE /* Resources */,
			);
			buildRules = (
			);
			dependencies = (
				6371653021F8D52C00BA51EE /* PBXTargetDependency */,
			);
			name = MessageManagerTests;
			productName = MessageManagerTests;
			productReference = 6371652E21F8D52C00BA51EE /* MessageManagerTests.xctest */;
			productType = "com.apple.product-type.bundle.unit-test";
		};
		6371653821F8D52C00BA51EE /* MessageManagerUITests */ = {
			isa = PBXNativeTarget;
			buildConfigurationList = 6371654821F8D52C00BA51EE /* Build configuration list for PBXNativeTarget "MessageManagerUITests" */;
			buildPhases = (
				6371653521F8D52C00BA51EE /* Sources */,
				6371653621F8D52C00BA51EE /* Frameworks */,
				6371653721F8D52C00BA51EE /* Resources */,
			);
			buildRules = (
			);
			dependencies = (
				6371653B21F8D52C00BA51EE /* PBXTargetDependency */,
			);
			name = MessageManagerUITests;
			productName = MessageManagerUITests;
			productReference = 6371653921F8D52C00BA51EE /* MessageManagerUITests.xctest */;
			productType = "com.apple.product-type.bundle.ui-testing";
		};
/* End PBXNativeTarget section */

/* Begin PBXProject section */
		6371651221F8D52B00BA51EE /* Project object */ = {
			isa = PBXProject;
			attributes = {
				LastSwiftUpdateCheck = 1010;
				LastUpgradeCheck = 1010;
				ORGANIZATIONNAME = kilostudio;
				TargetAttributes = {
					6371651921F8D52B00BA51EE = {
						CreatedOnToolsVersion = 10.1;
					};
					6371652D21F8D52C00BA51EE = {
						CreatedOnToolsVersion = 10.1;
						TestTargetID = 6371651921F8D52B00BA51EE;
					};
					6371653821F8D52C00BA51EE = {
						CreatedOnToolsVersion = 10.1;
						TestTargetID = 6371651921F8D52B00BA51EE;
					};
				};
			};
			buildConfigurationList = 6371651521F8D52B00BA51EE /* Build configuration list for PBXProject "MessageManager" */;
			compatibilityVersion = "Xcode 9.3";
			developmentRegion = en;
			hasScannedForEncodings = 0;
			knownRegions = (
				en,
				Base,
			);
			mainGroup = 6371651121F8D52B00BA51EE;
			productRefGroup = 6371651B21F8D52B00BA51EE /* Products */;
			projectDirPath = "";
			projectRoot = "";
			targets = (
				6371651921F8D52B00BA51EE /* MessageManager */,
				6371652D21F8D52C00BA51EE /* MessageManagerTests */,
				6371653821F8D52C00BA51EE /* MessageManagerUITests */,
			);
		};
/* End PBXProject section */

/* Begin PBXResourcesBuildPhase section */
		6371651821F8D52B00BA51EE /* Resources */ = {
			isa = PBXResourcesBuildPhase;
			buildActionMask = 2147483647;
			files = (
				6371652821F8D52C00BA51EE /* LaunchScreen.storyboard in Resources */,
				6371652521F8D52C00BA51EE /* Assets.xcassets in Resources */,
				6371652321F8D52B00BA51EE /* Main.storyboard in Resources */,
			);
			runOnlyForDeploymentPostprocessing = 0;
		};
		6371652C21F8D52C00BA51EE /* Resources */ = {
			isa = PBXResourcesBuildPhase;
			buildActionMask = 2147483647;
			files = (
			);
			runOnlyForDeploymentPostprocessing = 0;
		};
		6371653721F8D52C00BA51EE /* Resources */ = {
			isa = PBXResourcesBuildPhase;
			buildActionMask = 2147483647;
			files = (
			);
			runOnlyForDeploymentPostprocessing = 0;
		};
/* End PBXResourcesBuildPhase section */

/* Begin PBXSourcesBuildPhase section */
		6371651621F8D52B00BA51EE /* Sources */ = {
			isa = PBXSourcesBuildPhase;
			buildActionMask = 2147483647;
			files = (
				6371652021F8D52B00BA51EE /* ViewController.swift in Sources */,
				6371651E21F8D52B00BA51EE /* AppDelegate.swift in Sources */,
			);
			runOnlyForDeploymentPostprocessing = 0;
		};
		6371652A21F8D52C00BA51EE /* Sources */ = {
			isa = PBXSourcesBuildPhase;
			buildActionMask = 2147483647;
			files = (
				6371653321F8D52C00BA51EE /* MessageManagerTests.swift in Sources */,
			);
			runOnlyForDeploymentPostprocessing = 0;
		};
		6371653521F8D52C00BA51EE /* Sources */ = {
			isa = PBXSourcesBuildPhase;
			buildActionMask = 2147483647;
			files = (
				6371653E21F8D52C00BA51EE /* MessageManagerUITests.swift in Sources */,
			);
			runOnlyForDeploymentPostprocessing = 0;
		};
/* End PBXSourcesBuildPhase section */

/* Begin PBXTargetDependency section */
		6371653021F8D52C00BA51EE /* PBXTargetDependency */ = {
			isa = PBXTargetDependency;
			target = 6371651921F8D52B00BA51EE /* MessageManager */;
			targetProxy = 6371652F21F8D52C00BA51EE /* PBXContainerItemProxy */;
		};
		6371653B21F8D52C00BA51EE /* PBXTargetDependency */ = {
			isa = PBXTargetDependency;
			target = 6371651921F8D52B00BA51EE /* MessageManager */;
			targetProxy = 6371653A21F8D52C00BA51EE /* PBXContainerItemProxy */;
		};
/* End PBXTargetDependency section */

/* Begin PBXVariantGroup section */
		6371652121F8D52B00BA51EE /* Main.storyboard */ = {
			isa = PBXVariantGroup;
			children = (
				6371652221F8D52B00BA51EE /* Base */,
			);
			name = Main.storyboard;
			sourceTree = "<group>";
		};
		6371652621F8D52C00BA51EE /* LaunchScreen.storyboard */ = {
			isa = PBXVariantGroup;
			children = (
				6371652721F8D52C00BA51EE /* Base */,
			);
			name = LaunchScreen.storyboard;
			sourceTree = "<group>";
		};
/* End PBXVariantGroup section */

/* Begin XCBuildConfiguration section */
		6371654021F8D52C00BA51EE /* Debug */ = {
			isa = XCBuildConfiguration;
			buildSettings = {
				ALWAYS_SEARCH_USER_PATHS = NO;
				CLANG_ANALYZER_NONNULL = YES;
				CLANG_ANALYZER_NUMBER_OBJECT_CONVERSION = YES_AGGRESSIVE;
				CLANG_CXX_LANGUAGE_STANDARD = "gnu++14";
				CLANG_CXX_LIBRARY = "libc++";
				CLANG_ENABLE_MODULES = YES;
				CLANG_ENABLE_OBJC_ARC = YES;
				CLANG_ENABLE_OBJC_WEAK = YES;
				CLANG_WARN_BLOCK_CAPTURE_AUTORELEASING = YES;
				CLANG_WARN_BOOL_CONVERSION = YES;
				CLANG_WARN_COMMA = YES;
				CLANG_WARN_CONSTANT_CONVERSION = YES;
				CLANG_WARN_DEPRECATED_OBJC_IMPLEMENTATIONS = YES;
				CLANG_WARN_DIRECT_OBJC_ISA_USAGE = YES_ERROR;
				CLANG_WARN_DOCUMENTATION_COMMENTS = YES;
				CLANG_WARN_EMPTY_BODY = YES;
				CLANG_WARN_ENUM_CONVERSION = YES;
				CLANG_WARN_INFINITE_RECURSION = YES;
				CLANG_WARN_INT_CONVERSION = YES;
				CLANG_WARN_NON_LITERAL_NULL_CONVERSION = YES;
				CLANG_WARN_OBJC_IMPLICIT_RETAIN_SELF = YES;
				CLANG_WARN_OBJC_LITERAL_CONVERSION = YES;
				CLANG_WARN_OBJC_ROOT_CLASS = YES_ERROR;
				CLANG_WARN_RANGE_LOOP_ANALYSIS = YES;
				CLANG_WARN_STRICT_PROTOTYPES = YES;
				CLANG_WARN_SUSPICIOUS_MOVE = YES;
				CLANG_WARN_UNGUARDED_AVAILABILITY = YES_AGGRESSIVE;
				CLANG_WARN_UNREACHABLE_CODE = YES;
				CLANG_WARN__DUPLICATE_METHOD_MATCH = YES;
				CODE_SIGN_IDENTITY = "iPhone Developer";
				COPY_PHASE_STRIP = NO;
				DEBUG_INFORMATION_FORMAT = dwarf;
				ENABLE_STRICT_OBJC_MSGSEND = YES;
				ENABLE_TESTABILITY = YES;
				GCC_C_LANGUAGE_STANDARD = gnu11;
				GCC_DYNAMIC_NO_PIC = NO;
				GCC_NO_COMMON_BLOCKS = YES;
				GCC_OPTIMIZATION_LEVEL = 0;
				GCC_PREPROCESSOR_DEFINITIONS = (
					"DEBUG=1",
					"$(inherited)",
				);
				GCC_WARN_64_TO_32_BIT_CONVERSION = YES;
				GCC_WARN_ABOUT_RETURN_TYPE = YES_ERROR;
				GCC_WARN_UNDECLARED_SELECTOR = YES;
				GCC_WARN_UNINITIALIZED_AUTOS = YES_AGGRESSIVE;
				GCC_WARN_UNUSED_FUNCTION = YES;
				GCC_WARN_UNUSED_VARIABLE = YES;
				IPHONEOS_DEPLOYMENT_TARGET = 12.1;
				MTL_ENABLE_DEBUG_INFO = INCLUDE_SOURCE;
				MTL_FAST_MATH = YES;
				ONLY_ACTIVE_ARCH = YES;
				SDKROOT = iphoneos;
				SWIFT_ACTIVE_COMPILATION_CONDITIONS = DEBUG;
				SWIFT_OPTIMIZATION_LEVEL = "-Onone";
			};
			name = Debug;
		};
		6371654121F8D52C00BA51EE /* Release */ = {
			isa = XCBuildConfiguration;
			buildSettings = {
				ALWAYS_SEARCH_USER_PATHS = NO;
				CLANG_ANALYZER_NONNULL = YES;
				CLANG_ANALYZER_NUMBER_OBJECT_CONVERSION = YES_AGGRESSIVE;
				CLANG_CXX_LANGUAGE_STANDARD = "gnu++14";
				CLANG_CXX_LIBRARY = "libc++";
				CLANG_ENABLE_MODULES = YES;
				CLANG_ENABLE_OBJC_ARC = YES;
				CLANG_ENABLE_OBJC_WEAK = YES;
				CLANG_WARN_BLOCK_CAPTURE_AUTORELEASING = YES;
				CLANG_WARN_BOOL_CONVERSION = YES;
				CLANG_WARN_COMMA = YES;
				CLANG_WARN_CONSTANT_CONVERSION = YES;
				CLANG_WARN_DEPRECATED_OBJC_IMPLEMENTATIONS = YES;
				CLANG_WARN_DIRECT_OBJC_ISA_USAGE = YES_ERROR;
				CLANG_WARN_DOCUMENTATION_COMMENTS = YES;
				CLANG_WARN_EMPTY_BODY = YES;
				CLANG_WARN_ENUM_CONVERSION = YES;
				CLANG_WARN_INFINITE_RECURSION = YES;
				CLANG_WARN_INT_CONVERSION = YES;
				CLANG_WARN_NON_LITERAL_NULL_CONVERSION = YES;
				CLANG_WARN_OBJC_IMPLICIT_RETAIN_SELF = YES;
				CLANG_WARN_OBJC_LITERAL_CONVERSION = YES;
				CLANG_WARN_OBJC_ROOT_CLASS = YES_ERROR;
				CLANG_WARN_RANGE_LOOP_ANALYSIS = YES;
				CLANG_WARN_STRICT_PROTOTYPES = YES;
				CLANG_WARN_SUSPICIOUS_MOVE = YES;
				CLANG_WARN_UNGUARDED_AVAILABILITY = YES_AGGRESSIVE;
				CLANG_WARN_UNREACHABLE_CODE = YES;
				CLANG_WARN__DUPLICATE_METHOD_MATCH = YES;
				CODE_SIGN_IDENTITY = "iPhone Developer";
				COPY_PHASE_STRIP = NO;
				DEBUG_INFORMATION_FORMAT = "dwarf-with-dsym";
				ENABLE_NS_ASSERTIONS = NO;
				ENABLE_STRICT_OBJC_MSGSEND = YES;
				GCC_C_LANGUAGE_STANDARD = gnu11;
				GCC_NO_COMMON_BLOCKS = YES;
				GCC_WARN_64_TO_32_BIT_CONVERSION = YES;
				GCC_WARN_ABOUT_RETURN_TYPE = YES_ERROR;
				GCC_WARN_UNDECLARED_SELECTOR = YES;
				GCC_WARN_UNINITIALIZED_AUTOS = YES_AGGRESSIVE;
				GCC_WARN_UNUSED_FUNCTION = YES;
				GCC_WARN_UNUSED_VARIABLE = YES;
				IPHONEOS_DEPLOYMENT_TARGET = 12.1;
				MTL_ENABLE_DEBUG_INFO = NO;
				MTL_FAST_MATH = YES;
				SDKROOT = iphoneos;
				SWIFT_COMPILATION_MODE = wholemodule;
				SWIFT_OPTIMIZATION_LEVEL = "-O";
				VALIDATE_PRODUCT = YES;
			};
			name = Release;
		};
		6371654321F8D52C00BA51EE /* Debug */ = {
			isa = XCBuildConfiguration;
			buildSettings = {
				ASSETCATALOG_COMPILER_APPICON_NAME = AppIcon;
				CODE_SIGN_STYLE = Automatic;
				INFOPLIST_FILE = MessageManager/Info.plist;
				LD_RUNPATH_SEARCH_PATHS = (
					"$(inherited)",
					"@executable_path/Frameworks",
				);
				PRODUCT_BUNDLE_IDENTIFIER = kilostudio.MessageManager;
				PRODUCT_NAME = "$(TARGET_NAME)";
				SWIFT_VERSION = 4.2;
				TARGETED_DEVICE_FAMILY = "1,2";
			};
			name = Debug;
		};
		6371654421F8D52C00BA51EE /* Release */ = {
			isa = XCBuildConfiguration;
			buildSettings = {
				ASSETCATALOG_COMPILER_APPICON_NAME = AppIcon;
				CODE_SIGN_STYLE = Automatic;
				INFOPLIST_FILE = MessageManager/Info.plist;
				LD_RUNPATH_SEARCH_PATHS = (
					"$(inherited)",
					"@executable_path/Frameworks",
				);
				PRODUCT_BUNDLE_IDENTIFIER = kilostudio.MessageManager;
				PRODUCT_NAME = "$(TARGET_NAME)";
				SWIFT_VERSION = 4.2;
				TARGETED_DEVICE_FAMILY = "1,2";
			};
			name = Release;
		};
		6371654621F8D52C00BA51EE /* Debug */ = {
			isa = XCBuildConfiguration;
			buildSettings = {
				ALWAYS_EMBED_SWIFT_STANDARD_LIBRARIES = YES;
				BUNDLE_LOADER = "$(TEST_HOST)";
				CODE_SIGN_STYLE = Automatic;
				INFOPLIST_FILE = MessageManagerTests/Info.plist;
				LD_RUNPATH_SEARCH_PATHS = (
					"$(inherited)",
					"@executable_path/Frameworks",
					"@loader_path/Frameworks",
				);
				PRODUCT_BUNDLE_IDENTIFIER = kilostudio.MessageManagerTests;
				PRODUCT_NAME = "$(TARGET_NAME)";
				SWIFT_VERSION = 4.2;
				TARGETED_DEVICE_FAMILY = "1,2";
				TEST_HOST = "$(BUILT_PRODUCTS_DIR)/MessageManager.app/MessageManager";
			};
			name = Debug;
		};
		6371654721F8D52C00BA51EE /* Release */ = {
			isa = XCBuildConfiguration;
			buildSettings = {
				ALWAYS_EMBED_SWIFT_STANDARD_LIBRARIES = YES;
				BUNDLE_LOADER = "$(TEST_HOST)";
				CODE_SIGN_STYLE = Automatic;
				INFOPLIST_FILE = MessageManagerTests/Info.plist;
				LD_RUNPATH_SEARCH_PATHS = (
					"$(inherited)",
					"@executable_path/Frameworks",
					"@loader_path/Frameworks",
				);
				PRODUCT_BUNDLE_IDENTIFIER = kilostudio.MessageManagerTests;
				PRODUCT_NAME = "$(TARGET_NAME)";
				SWIFT_VERSION = 4.2;
				TARGETED_DEVICE_FAMILY = "1,2";
				TEST_HOST = "$(BUILT_PRODUCTS_DIR)/MessageManager.app/MessageManager";
			};
			name = Release;
		};
		6371654921F8D52C00BA51EE /* Debug */ = {
			isa = XCBuildConfiguration;
			buildSettings = {
				ALWAYS_EMBED_SWIFT_STANDARD_LIBRARIES = YES;
				CODE_SIGN_STYLE = Automatic;
				INFOPLIST_FILE = MessageManagerUITests/Info.plist;
				LD_RUNPATH_SEARCH_PATHS = (
					"$(inherited)",
					"@executable_path/Frameworks",
					"@loader_path/Frameworks",
				);
				PRODUCT_BUNDLE_IDENTIFIER = kilostudio.MessageManagerUITests;
				PRODUCT_NAME = "$(TARGET_NAME)";
				SWIFT_VERSION = 4.2;
				TARGETED_DEVICE_FAMILY = "1,2";
				TEST_TARGET_NAME = MessageManager;
			};
			name = Debug;
		};
		6371654A21F8D52C00BA51EE /* Release */ = {
			isa = XCBuildConfiguration;
			buildSettings = {
				ALWAYS_EMBED_SWIFT_STANDARD_LIBRARIES = YES;
				CODE_SIGN_STYLE = Automatic;
				INFOPLIST_FILE = MessageManagerUITests/Info.plist;
				LD_RUNPATH_SEARCH_PATHS = (
					"$(inherited)",
					"@executable_path/Frameworks",
					"@loader_path/Frameworks",
				);
				PRODUCT_BUNDLE_IDENTIFIER = kilostudio.MessageManagerUITests;
				PRODUCT_NAME = "$(TARGET_NAME)";
				SWIFT_VERSION = 4.2;
				TARGETED_DEVICE_FAMILY = "1,2";
				TEST_TARGET_NAME = MessageManager;
			};
			name = Release;
		};
/* End XCBuildConfiguration section */

/* Begin XCConfigurationList section */
		6371651521F8D52B00BA51EE /* Build configuration list for PBXProject "MessageManager" */ = {
			isa = XCConfigurationList;
			buildConfigurations = (
				6371654021F8D52C00BA51EE /* Debug */,
				6371654121F8D52C00BA51EE /* Release */,
			);
			defaultConfigurationIsVisible = 0;
			defaultConfigurationName = Release;
		};
		6371654221F8D52C00BA51EE /* Build configuration list for PBXNativeTarget "MessageManager" */ = {
			isa = XCConfigurationList;
			buildConfigurations = (
				6371654321F8D52C00BA51EE /* Debug */,
				6371654421F8D52C00BA51EE /* Release */,
			);
			defaultConfigurationIsVisible = 0;
			defaultConfigurationName = Release;
		};
		6371654521F8D52C00BA51EE /* Build configuration list for PBXNativeTarget "MessageManagerTests" */ = {
			isa = XCConfigurationList;
			buildConfigurations = (
				6371654621F8D52C00BA51EE /* Debug */,
				6371654721F8D52C00BA51EE /* Release */,
			);
			defaultConfigurationIsVisible = 0;
			defaultConfigurationName = Release;
		};
		6371654821F8D52C00BA51EE /* Build configuration list for PBXNativeTarget "MessageManagerUITests" */ = {
			isa = XCConfigurationList;
			buildConfigurations = (
				6371654921F8D52C00BA51EE /* Debug */,
				6371654A21F8D52C00BA51EE /* Release */,
			);
			defaultConfigurationIsVisible = 0;
			defaultConfigurationName = Release;
		};
/* End XCConfigurationList section */
	};
	rootObject = 6371651221F8D52B00BA51EE /* Project object */;
}
